
Microsoft Visual Studio Solution File, Format Version 12.00
# Visual Studio Version 17
VisualStudioVersion = 17.4.33122.133
MinimumVisualStudioVersion = 10.0.40219.1
Project("{FAE04EC0-301F-11D3-BF4B-00C04F79EFBC}") = "TimePass", "TimePass.csproj", "{DB173A59-C637-494A-86E0-BE2B300A0C95}"
EndProject
Global
	GlobalSection(SolutionConfigurationPlatforms) = preSolution
		Debug|Any CPU = Debug|Any CPU
		Release|Any CPU = Release|Any CPU
	EndGlobalSection
	GlobalSection(ProjectConfigurationPlatforms) = postSolution
		{DB173A59-C637-494A-86E0-BE2B300A0C95}.Debug|Any CPU.ActiveCfg = Debug|Any CPU
		{DB173A59-C637-494A-86E0-BE2B300A0C95}.Debug|Any CPU.Build.0 = Debug|Any CPU
		{DB173A59-C637-494A-86E0-BE2B300A0C95}.Release|Any CPU.ActiveCfg = Release|Any CPU
		{DB173A59-C637-494A-86E0-BE2B300A0C95}.Release|Any CPU.Build.0 = Release|Any CPU
	EndGlobalSection
	GlobalSection(SolutionProperties) = preSolution
		HideSolutionNode = FALSE
	EndGlobalSection
	GlobalSection(ExtensibilityGlobals) = postSolution
		SolutionGuid = {8C2245C7-68AD-4A7D-B78B-8A833A18F02A}
	EndGlobalSection
EndGlobal
