
Microsoft Visual Studio Solution File, Format Version 12.00
# Visual Studio Version 17
VisualStudioVersion = 17.4.33122.133
MinimumVisualStudioVersion = 10.0.40219.1
Project("{FAE04EC0-301F-11D3-BF4B-00C04F79EFBC}") = "Arrays", "Arrays.csproj", "{BAC04D27-D91F-4D91-82AC-9C71AB157994}"
EndProject
Global
	GlobalSection(SolutionConfigurationPlatforms) = preSolution
		Debug|Any CPU = Debug|Any CPU
		Release|Any CPU = Release|Any CPU
	EndGlobalSection
	GlobalSection(ProjectConfigurationPlatforms) = postSolution
		{BAC04D27-D91F-4D91-82AC-9C71AB157994}.Debug|Any CPU.ActiveCfg = Debug|Any CPU
		{BAC04D27-D91F-4D91-82AC-9C71AB157994}.Debug|Any CPU.Build.0 = Debug|Any CPU
		{BAC04D27-D91F-4D91-82AC-9C71AB157994}.Release|Any CPU.ActiveCfg = Release|Any CPU
		{BAC04D27-D91F-4D91-82AC-9C71AB157994}.Release|Any CPU.Build.0 = Release|Any CPU
	EndGlobalSection
	GlobalSection(SolutionProperties) = preSolution
		HideSolutionNode = FALSE
	EndGlobalSection
	GlobalSection(ExtensibilityGlobals) = postSolution
		SolutionGuid = {36D4F080-603A-4D28-B7A2-EA9425E6187A}
	EndGlobalSection
EndGlobal
