
Microsoft Visual Studio Solution File, Format Version 12.00
# Visual Studio Version 17
VisualStudioVersion = 17.4.33122.133
MinimumVisualStudioVersion = 10.0.40219.1
Project("{FAE04EC0-301F-11D3-BF4B-00C04F79EFBC}") = "ConsoleApp1", "ConsoleApp1.csproj", "{B1294180-AE6D-4ECD-BA05-2704171AC45E}"
EndProject
Global
	GlobalSection(SolutionConfigurationPlatforms) = preSolution
		Debug|Any CPU = Debug|Any CPU
		Release|Any CPU = Release|Any CPU
	EndGlobalSection
	GlobalSection(ProjectConfigurationPlatforms) = postSolution
		{B1294180-AE6D-4ECD-BA05-2704171AC45E}.Debug|Any CPU.ActiveCfg = Debug|Any CPU
		{B1294180-AE6D-4ECD-BA05-2704171AC45E}.Debug|Any CPU.Build.0 = Debug|Any CPU
		{B1294180-AE6D-4ECD-BA05-2704171AC45E}.Release|Any CPU.ActiveCfg = Release|Any CPU
		{B1294180-AE6D-4ECD-BA05-2704171AC45E}.Release|Any CPU.Build.0 = Release|Any CPU
	EndGlobalSection
	GlobalSection(SolutionProperties) = preSolution
		HideSolutionNode = FALSE
	EndGlobalSection
	GlobalSection(ExtensibilityGlobals) = postSolution
		SolutionGuid = {186171BB-4564-4CAC-B12D-9BF63B8C6746}
	EndGlobalSection
EndGlobal
