
Microsoft Visual Studio Solution File, Format Version 12.00
# Visual Studio Version 17
VisualStudioVersion = 17.4.33122.133
MinimumVisualStudioVersion = 10.0.40219.1
Project("{FAE04EC0-301F-11D3-BF4B-00C04F79EFBC}") = "reverse num", "reverse num.csproj", "{7C141227-231D-4F80-B2A3-763D181C809A}"
EndProject
Global
	GlobalSection(SolutionConfigurationPlatforms) = preSolution
		Debug|Any CPU = Debug|Any CPU
		Release|Any CPU = Release|Any CPU
	EndGlobalSection
	GlobalSection(ProjectConfigurationPlatforms) = postSolution
		{7C141227-231D-4F80-B2A3-763D181C809A}.Debug|Any CPU.ActiveCfg = Debug|Any CPU
		{7C141227-231D-4F80-B2A3-763D181C809A}.Debug|Any CPU.Build.0 = Debug|Any CPU
		{7C141227-231D-4F80-B2A3-763D181C809A}.Release|Any CPU.ActiveCfg = Release|Any CPU
		{7C141227-231D-4F80-B2A3-763D181C809A}.Release|Any CPU.Build.0 = Release|Any CPU
	EndGlobalSection
	GlobalSection(SolutionProperties) = preSolution
		HideSolutionNode = FALSE
	EndGlobalSection
	GlobalSection(ExtensibilityGlobals) = postSolution
		SolutionGuid = {F85BA6FD-A1B5-462B-96DB-3F8923A84DE0}
	EndGlobalSection
EndGlobal
