
Microsoft Visual Studio Solution File, Format Version 12.00
# Visual Studio Version 17
VisualStudioVersion = 17.4.33122.133
MinimumVisualStudioVersion = 10.0.40219.1
Project("{9A19103F-16F7-4668-BE54-9A1E7A4F7556}") = "inheritance", "inheritance.csproj", "{8E52D393-15A0-46DF-96DF-F5191B90E24A}"
EndProject
Global
	GlobalSection(SolutionConfigurationPlatforms) = preSolution
		Debug|Any CPU = Debug|Any CPU
		Release|Any CPU = Release|Any CPU
	EndGlobalSection
	GlobalSection(ProjectConfigurationPlatforms) = postSolution
		{8E52D393-15A0-46DF-96DF-F5191B90E24A}.Debug|Any CPU.ActiveCfg = Debug|Any CPU
		{8E52D393-15A0-46DF-96DF-F5191B90E24A}.Debug|Any CPU.Build.0 = Debug|Any CPU
		{8E52D393-15A0-46DF-96DF-F5191B90E24A}.Release|Any CPU.ActiveCfg = Release|Any CPU
		{8E52D393-15A0-46DF-96DF-F5191B90E24A}.Release|Any CPU.Build.0 = Release|Any CPU
	EndGlobalSection
	GlobalSection(SolutionProperties) = preSolution
		HideSolutionNode = FALSE
	EndGlobalSection
	GlobalSection(ExtensibilityGlobals) = postSolution
		SolutionGuid = {A0CF9AB8-C3A0-43B1-8886-E767279C916C}
	EndGlobalSection
EndGlobal
