
Microsoft Visual Studio Solution File, Format Version 12.00
# Visual Studio Version 17
VisualStudioVersion = 17.4.33122.133
MinimumVisualStudioVersion = 10.0.40219.1
Project("{FAE04EC0-301F-11D3-BF4B-00C04F79EFBC}") = "linq object", "linq object.csproj", "{61882DFE-A8D0-4E48-B6F7-1975713D7102}"
EndProject
Global
	GlobalSection(SolutionConfigurationPlatforms) = preSolution
		Debug|Any CPU = Debug|Any CPU
		Release|Any CPU = Release|Any CPU
	EndGlobalSection
	GlobalSection(ProjectConfigurationPlatforms) = postSolution
		{61882DFE-A8D0-4E48-B6F7-1975713D7102}.Debug|Any CPU.ActiveCfg = Debug|Any CPU
		{61882DFE-A8D0-4E48-B6F7-1975713D7102}.Debug|Any CPU.Build.0 = Debug|Any CPU
		{61882DFE-A8D0-4E48-B6F7-1975713D7102}.Release|Any CPU.ActiveCfg = Release|Any CPU
		{61882DFE-A8D0-4E48-B6F7-1975713D7102}.Release|Any CPU.Build.0 = Release|Any CPU
	EndGlobalSection
	GlobalSection(SolutionProperties) = preSolution
		HideSolutionNode = FALSE
	EndGlobalSection
	GlobalSection(ExtensibilityGlobals) = postSolution
		SolutionGuid = {26A7FDB0-BDE9-4123-A07A-4FCB9B4C8833}
	EndGlobalSection
EndGlobal
