
Microsoft Visual Studio Solution File, Format Version 12.00
# Visual Studio Version 17
VisualStudioVersion = 17.4.33122.133
MinimumVisualStudioVersion = 10.0.40219.1
Project("{FAE04EC0-301F-11D3-BF4B-00C04F79EFBC}") = "operators", "operators.csproj", "{3C88D2AA-88B0-45F4-9592-F02F82F80ADC}"
EndProject
Project("{9A19103F-16F7-4668-BE54-9A1E7A4F7556}") = "If condition", "..\If condition\If condition.csproj", "{A29F47D6-75FE-4A62-81FF-E8365FCA6DCB}"
EndProject
Global
	GlobalSection(SolutionConfigurationPlatforms) = preSolution
		Debug|Any CPU = Debug|Any CPU
		Release|Any CPU = Release|Any CPU
	EndGlobalSection
	GlobalSection(ProjectConfigurationPlatforms) = postSolution
		{3C88D2AA-88B0-45F4-9592-F02F82F80ADC}.Debug|Any CPU.ActiveCfg = Debug|Any CPU
		{3C88D2AA-88B0-45F4-9592-F02F82F80ADC}.Debug|Any CPU.Build.0 = Debug|Any CPU
		{3C88D2AA-88B0-45F4-9592-F02F82F80ADC}.Release|Any CPU.ActiveCfg = Release|Any CPU
		{3C88D2AA-88B0-45F4-9592-F02F82F80ADC}.Release|Any CPU.Build.0 = Release|Any CPU
		{A29F47D6-75FE-4A62-81FF-E8365FCA6DCB}.Debug|Any CPU.ActiveCfg = Debug|Any CPU
		{A29F47D6-75FE-4A62-81FF-E8365FCA6DCB}.Debug|Any CPU.Build.0 = Debug|Any CPU
		{A29F47D6-75FE-4A62-81FF-E8365FCA6DCB}.Release|Any CPU.ActiveCfg = Release|Any CPU
		{A29F47D6-75FE-4A62-81FF-E8365FCA6DCB}.Release|Any CPU.Build.0 = Release|Any CPU
	EndGlobalSection
	GlobalSection(SolutionProperties) = preSolution
		HideSolutionNode = FALSE
	EndGlobalSection
	GlobalSection(ExtensibilityGlobals) = postSolution
		SolutionGuid = {52D4DC50-4A83-4A36-9B7A-EF3511C90AF1}
	EndGlobalSection
EndGlobal
