
Microsoft Visual Studio Solution File, Format Version 12.00
# Visual Studio Version 17
VisualStudioVersion = 17.4.33122.133
MinimumVisualStudioVersion = 10.0.40219.1
Project("{FAE04EC0-301F-11D3-BF4B-00C04F79EFBC}") = "ConsoleApp4", "ConsoleApp4.csproj", "{7B88D5EA-CD16-488E-85F7-00B609184FE4}"
EndProject
Global
	GlobalSection(SolutionConfigurationPlatforms) = preSolution
		Debug|Any CPU = Debug|Any CPU
		Release|Any CPU = Release|Any CPU
	EndGlobalSection
	GlobalSection(ProjectConfigurationPlatforms) = postSolution
		{7B88D5EA-CD16-488E-85F7-00B609184FE4}.Debug|Any CPU.ActiveCfg = Debug|Any CPU
		{7B88D5EA-CD16-488E-85F7-00B609184FE4}.Debug|Any CPU.Build.0 = Debug|Any CPU
		{7B88D5EA-CD16-488E-85F7-00B609184FE4}.Release|Any CPU.ActiveCfg = Release|Any CPU
		{7B88D5EA-CD16-488E-85F7-00B609184FE4}.Release|Any CPU.Build.0 = Release|Any CPU
	EndGlobalSection
	GlobalSection(SolutionProperties) = preSolution
		HideSolutionNode = FALSE
	EndGlobalSection
	GlobalSection(ExtensibilityGlobals) = postSolution
		SolutionGuid = {0095661E-E254-49BB-89E1-6516F1CB9A4B}
	EndGlobalSection
EndGlobal
